
Microsoft Visual Studio Solution File, Format Version 12.00
# Visual Studio 15
VisualStudioVersion = 15.0.28010.2050
MinimumVisualStudioVersion = 10.0.40219.1
Project("{FAE04EC0-301F-11D3-BF4B-00C04F79EFBC}") = "Budget", "Budget\Budget.csproj", "{AC51F889-0BE0-4A27-80BA-9C4E3E1A2FB4}"
EndProject
Project("{FAE04EC0-301F-11D3-BF4B-00C04F79EFBC}") = "BudgetTests", "BudgetTests\BudgetTests.csproj", "{23BC2E66-AB30-4E89-AC43-F22B9BE53917}"
EndProject
Global
	GlobalSection(SolutionConfigurationPlatforms) = preSolution
		Debug|Any CPU = Debug|Any CPU
		Release|Any CPU = Release|Any CPU
	EndGlobalSection
	GlobalSection(ProjectConfigurationPlatforms) = postSolution
		{AC51F889-0BE0-4A27-80BA-9C4E3E1A2FB4}.Debug|Any CPU.ActiveCfg = Debug|Any CPU
		{AC51F889-0BE0-4A27-80BA-9C4E3E1A2FB4}.Debug|Any CPU.Build.0 = Debug|Any CPU
		{AC51F889-0BE0-4A27-80BA-9C4E3E1A2FB4}.Release|Any CPU.ActiveCfg = Release|Any CPU
		{AC51F889-0BE0-4A27-80BA-9C4E3E1A2FB4}.Release|Any CPU.Build.0 = Release|Any CPU
		{23BC2E66-AB30-4E89-AC43-F22B9BE53917}.Debug|Any CPU.ActiveCfg = Debug|Any CPU
		{23BC2E66-AB30-4E89-AC43-F22B9BE53917}.Debug|Any CPU.Build.0 = Debug|Any CPU
		{23BC2E66-AB30-4E89-AC43-F22B9BE53917}.Release|Any CPU.ActiveCfg = Release|Any CPU
		{23BC2E66-AB30-4E89-AC43-F22B9BE53917}.Release|Any CPU.Build.0 = Release|Any CPU
	EndGlobalSection
	GlobalSection(SolutionProperties) = preSolution
		HideSolutionNode = FALSE
	EndGlobalSection
	GlobalSection(ExtensibilityGlobals) = postSolution
		SolutionGuid = {88E40601-D668-4F69-8714-6C94F1C33C43}
	EndGlobalSection
EndGlobal
